<?xml version="1.0" encoding="UTF-8"?>
<Project ToolsVersion="12.0" xmlns="http://schemas.microsoft.com/developer/msbuild/2003">
  <ItemGroup>
    <CustomBuild Include="C:\Users\luis.velez\Documentos\APLICACIONES_MURO\TUIO+Kinect VRPN Controller\KinectTUIO-Full_Interaction\BUILD2013\CMakeFiles\6e9e0b9edf1811b0fe4cb76b8f4c47f6\PACKAGE_force.rule">
      <Filter>CMake Rules</Filter>
    </CustomBuild>
  </ItemGroup>
  <ItemGroup>
    <Filter Include="CMake Rules">
      <UniqueIdentifier>{6D0D3DBE-DF65-4E41-A4F0-605CF19671A4}</UniqueIdentifier>
    </Filter>
  </ItemGroup>
</Project>
